
Microsoft Visual Studio Solution File, Format Version 12.00
# Visual Studio Version 16
VisualStudioVersion = 16.0.29409.12
MinimumVisualStudioVersion = 10.0.40219.1
Project("{9A19103F-16F7-4668-BE54-9A1E7A4F7556}") = "eRestoran.WebAPI", "eRestoran.WebAPI\eRestoran.WebAPI.csproj", "{04872688-24BA-4075-B745-F50F7FC89720}"
EndProject
Project("{9A19103F-16F7-4668-BE54-9A1E7A4F7556}") = "eRestoran.Model", "eRestoran.Model\eRestoran.Model.csproj", "{4FEB6794-4408-4FF0-A5FB-FCCB1747D2E2}"
EndProject
Project("{2150E333-8FDC-42A3-9474-1A3956D46DE8}") = "UI", "UI", "{B684CF94-2A94-40A3-B0DD-0743BF52BF91}"
EndProject
Project("{FAE04EC0-301F-11D3-BF4B-00C04F79EFBC}") = "eRestoran.WinUI", "eRestoran.WinUI\eRestoran.WinUI.csproj", "{5B7EE9EB-2FBC-44F6-AFDE-473C5E63EEE0}"
EndProject
Project("{2150E333-8FDC-42A3-9474-1A3956D46DE8}") = "eRestoran.Mobile", "eRestoran.Mobile", "{264006FC-88CF-44A5-B526-63DE4B5ED697}"
EndProject
Project("{FAE04EC0-301F-11D3-BF4B-00C04F79EFBC}") = "eRestoran.MobileApp.UWP", "eRestoran.MobileApp\eRestoran.MobileApp.UWP\eRestoran.MobileApp.UWP.csproj", "{4B7B969A-4E3B-471B-8063-841FDBEC0811}"
EndProject
Project("{FAE04EC0-301F-11D3-BF4B-00C04F79EFBC}") = "eRestoran.MobileApp.Android", "eRestoran.MobileApp\eRestoran.MobileApp.Android\eRestoran.MobileApp.Android.csproj", "{6C2F1C26-A6F2-4BF5-B136-CE7F4718E70D}"
EndProject
Project("{FAE04EC0-301F-11D3-BF4B-00C04F79EFBC}") = "eRestoran.MobileApp.iOS", "eRestoran.MobileApp\eRestoran.MobileApp.iOS\eRestoran.MobileApp.iOS.csproj", "{DB870F9F-2C14-4153-8177-7A01D66F0328}"
EndProject
Project("{FAE04EC0-301F-11D3-BF4B-00C04F79EFBC}") = "eRestoran.MobileApp", "eRestoran.MobileApp\eRestoran.MobileApp\eRestoran.MobileApp.csproj", "{EE9D8A24-6A3A-44E7-9E4F-517DB4933209}"
EndProject
Global
	GlobalSection(SolutionConfigurationPlatforms) = preSolution
		Debug|Any CPU = Debug|Any CPU
		Debug|ARM = Debug|ARM
		Debug|iPhone = Debug|iPhone
		Debug|iPhoneSimulator = Debug|iPhoneSimulator
		Debug|x64 = Debug|x64
		Debug|x86 = Debug|x86
		Release|Any CPU = Release|Any CPU
		Release|ARM = Release|ARM
		Release|iPhone = Release|iPhone
		Release|iPhoneSimulator = Release|iPhoneSimulator
		Release|x64 = Release|x64
		Release|x86 = Release|x86
	EndGlobalSection
	GlobalSection(ProjectConfigurationPlatforms) = postSolution
		{04872688-24BA-4075-B745-F50F7FC89720}.Debug|Any CPU.ActiveCfg = Debug|Any CPU
		{04872688-24BA-4075-B745-F50F7FC89720}.Debug|Any CPU.Build.0 = Debug|Any CPU
		{04872688-24BA-4075-B745-F50F7FC89720}.Debug|ARM.ActiveCfg = Debug|Any CPU
		{04872688-24BA-4075-B745-F50F7FC89720}.Debug|ARM.Build.0 = Debug|Any CPU
		{04872688-24BA-4075-B745-F50F7FC89720}.Debug|iPhone.ActiveCfg = Debug|Any CPU
		{04872688-24BA-4075-B745-F50F7FC89720}.Debug|iPhone.Build.0 = Debug|Any CPU
		{04872688-24BA-4075-B745-F50F7FC89720}.Debug|iPhoneSimulator.ActiveCfg = Debug|Any CPU
		{04872688-24BA-4075-B745-F50F7FC89720}.Debug|iPhoneSimulator.Build.0 = Debug|Any CPU
		{04872688-24BA-4075-B745-F50F7FC89720}.Debug|x64.ActiveCfg = Debug|Any CPU
		{04872688-24BA-4075-B745-F50F7FC89720}.Debug|x64.Build.0 = Debug|Any CPU
		{04872688-24BA-4075-B745-F50F7FC89720}.Debug|x86.ActiveCfg = Debug|Any CPU
		{04872688-24BA-4075-B745-F50F7FC89720}.Debug|x86.Build.0 = Debug|Any CPU
		{04872688-24BA-4075-B745-F50F7FC89720}.Release|Any CPU.ActiveCfg = Release|Any CPU
		{04872688-24BA-4075-B745-F50F7FC89720}.Release|Any CPU.Build.0 = Release|Any CPU
		{04872688-24BA-4075-B745-F50F7FC89720}.Release|ARM.ActiveCfg = Release|Any CPU
		{04872688-24BA-4075-B745-F50F7FC89720}.Release|ARM.Build.0 = Release|Any CPU
		{04872688-24BA-4075-B745-F50F7FC89720}.Release|iPhone.ActiveCfg = Release|Any CPU
		{04872688-24BA-4075-B745-F50F7FC89720}.Release|iPhone.Build.0 = Release|Any CPU
		{04872688-24BA-4075-B745-F50F7FC89720}.Release|iPhoneSimulator.ActiveCfg = Release|Any CPU
		{04872688-24BA-4075-B745-F50F7FC89720}.Release|iPhoneSimulator.Build.0 = Release|Any CPU
		{04872688-24BA-4075-B745-F50F7FC89720}.Release|x64.ActiveCfg = Release|Any CPU
		{04872688-24BA-4075-B745-F50F7FC89720}.Release|x64.Build.0 = Release|Any CPU
		{04872688-24BA-4075-B745-F50F7FC89720}.Release|x86.ActiveCfg = Release|Any CPU
		{04872688-24BA-4075-B745-F50F7FC89720}.Release|x86.Build.0 = Release|Any CPU
		{4FEB6794-4408-4FF0-A5FB-FCCB1747D2E2}.Debug|Any CPU.ActiveCfg = Debug|Any CPU
		{4FEB6794-4408-4FF0-A5FB-FCCB1747D2E2}.Debug|Any CPU.Build.0 = Debug|Any CPU
		{4FEB6794-4408-4FF0-A5FB-FCCB1747D2E2}.Debug|ARM.ActiveCfg = Debug|Any CPU
		{4FEB6794-4408-4FF0-A5FB-FCCB1747D2E2}.Debug|ARM.Build.0 = Debug|Any CPU
		{4FEB6794-4408-4FF0-A5FB-FCCB1747D2E2}.Debug|iPhone.ActiveCfg = Debug|Any CPU
		{4FEB6794-4408-4FF0-A5FB-FCCB1747D2E2}.Debug|iPhone.Build.0 = Debug|Any CPU
		{4FEB6794-4408-4FF0-A5FB-FCCB1747D2E2}.Debug|iPhoneSimulator.ActiveCfg = Debug|Any CPU
		{4FEB6794-4408-4FF0-A5FB-FCCB1747D2E2}.Debug|iPhoneSimulator.Build.0 = Debug|Any CPU
		{4FEB6794-4408-4FF0-A5FB-FCCB1747D2E2}.Debug|x64.ActiveCfg = Debug|Any CPU
		{4FEB6794-4408-4FF0-A5FB-FCCB1747D2E2}.Debug|x64.Build.0 = Debug|Any CPU
		{4FEB6794-4408-4FF0-A5FB-FCCB1747D2E2}.Debug|x86.ActiveCfg = Debug|Any CPU
		{4FEB6794-4408-4FF0-A5FB-FCCB1747D2E2}.Debug|x86.Build.0 = Debug|Any CPU
		{4FEB6794-4408-4FF0-A5FB-FCCB1747D2E2}.Release|Any CPU.ActiveCfg = Release|Any CPU
		{4FEB6794-4408-4FF0-A5FB-FCCB1747D2E2}.Release|Any CPU.Build.0 = Release|Any CPU
		{4FEB6794-4408-4FF0-A5FB-FCCB1747D2E2}.Release|ARM.ActiveCfg = Release|Any CPU
		{4FEB6794-4408-4FF0-A5FB-FCCB1747D2E2}.Release|ARM.Build.0 = Release|Any CPU
		{4FEB6794-4408-4FF0-A5FB-FCCB1747D2E2}.Release|iPhone.ActiveCfg = Release|Any CPU
		{4FEB6794-4408-4FF0-A5FB-FCCB1747D2E2}.Release|iPhone.Build.0 = Release|Any CPU
		{4FEB6794-4408-4FF0-A5FB-FCCB1747D2E2}.Release|iPhoneSimulator.ActiveCfg = Release|Any CPU
		{4FEB6794-4408-4FF0-A5FB-FCCB1747D2E2}.Release|iPhoneSimulator.Build.0 = Release|Any CPU
		{4FEB6794-4408-4FF0-A5FB-FCCB1747D2E2}.Release|x64.ActiveCfg = Release|Any CPU
		{4FEB6794-4408-4FF0-A5FB-FCCB1747D2E2}.Release|x64.Build.0 = Release|Any CPU
		{4FEB6794-4408-4FF0-A5FB-FCCB1747D2E2}.Release|x86.ActiveCfg = Release|Any CPU
		{4FEB6794-4408-4FF0-A5FB-FCCB1747D2E2}.Release|x86.Build.0 = Release|Any CPU
		{5B7EE9EB-2FBC-44F6-AFDE-473C5E63EEE0}.Debug|Any CPU.ActiveCfg = Debug|Any CPU
		{5B7EE9EB-2FBC-44F6-AFDE-473C5E63EEE0}.Debug|Any CPU.Build.0 = Debug|Any CPU
		{5B7EE9EB-2FBC-44F6-AFDE-473C5E63EEE0}.Debug|ARM.ActiveCfg = Debug|Any CPU
		{5B7EE9EB-2FBC-44F6-AFDE-473C5E63EEE0}.Debug|ARM.Build.0 = Debug|Any CPU
		{5B7EE9EB-2FBC-44F6-AFDE-473C5E63EEE0}.Debug|iPhone.ActiveCfg = Debug|Any CPU
		{5B7EE9EB-2FBC-44F6-AFDE-473C5E63EEE0}.Debug|iPhone.Build.0 = Debug|Any CPU
		{5B7EE9EB-2FBC-44F6-AFDE-473C5E63EEE0}.Debug|iPhoneSimulator.ActiveCfg = Debug|Any CPU
		{5B7EE9EB-2FBC-44F6-AFDE-473C5E63EEE0}.Debug|iPhoneSimulator.Build.0 = Debug|Any CPU
		{5B7EE9EB-2FBC-44F6-AFDE-473C5E63EEE0}.Debug|x64.ActiveCfg = Debug|Any CPU
		{5B7EE9EB-2FBC-44F6-AFDE-473C5E63EEE0}.Debug|x64.Build.0 = Debug|Any CPU
		{5B7EE9EB-2FBC-44F6-AFDE-473C5E63EEE0}.Debug|x86.ActiveCfg = Debug|Any CPU
		{5B7EE9EB-2FBC-44F6-AFDE-473C5E63EEE0}.Debug|x86.Build.0 = Debug|Any CPU
		{5B7EE9EB-2FBC-44F6-AFDE-473C5E63EEE0}.Release|Any CPU.ActiveCfg = Release|Any CPU
		{5B7EE9EB-2FBC-44F6-AFDE-473C5E63EEE0}.Release|Any CPU.Build.0 = Release|Any CPU
		{5B7EE9EB-2FBC-44F6-AFDE-473C5E63EEE0}.Release|ARM.ActiveCfg = Release|Any CPU
		{5B7EE9EB-2FBC-44F6-AFDE-473C5E63EEE0}.Release|ARM.Build.0 = Release|Any CPU
		{5B7EE9EB-2FBC-44F6-AFDE-473C5E63EEE0}.Release|iPhone.ActiveCfg = Release|Any CPU
		{5B7EE9EB-2FBC-44F6-AFDE-473C5E63EEE0}.Release|iPhone.Build.0 = Release|Any CPU
		{5B7EE9EB-2FBC-44F6-AFDE-473C5E63EEE0}.Release|iPhoneSimulator.ActiveCfg = Release|Any CPU
		{5B7EE9EB-2FBC-44F6-AFDE-473C5E63EEE0}.Release|iPhoneSimulator.Build.0 = Release|Any CPU
		{5B7EE9EB-2FBC-44F6-AFDE-473C5E63EEE0}.Release|x64.ActiveCfg = Release|Any CPU
		{5B7EE9EB-2FBC-44F6-AFDE-473C5E63EEE0}.Release|x64.Build.0 = Release|Any CPU
		{5B7EE9EB-2FBC-44F6-AFDE-473C5E63EEE0}.Release|x86.ActiveCfg = Release|Any CPU
		{5B7EE9EB-2FBC-44F6-AFDE-473C5E63EEE0}.Release|x86.Build.0 = Release|Any CPU
		{4B7B969A-4E3B-471B-8063-841FDBEC0811}.Debug|Any CPU.ActiveCfg = Debug|x86
		{4B7B969A-4E3B-471B-8063-841FDBEC0811}.Debug|ARM.ActiveCfg = Debug|ARM
		{4B7B969A-4E3B-471B-8063-841FDBEC0811}.Debug|ARM.Build.0 = Debug|ARM
		{4B7B969A-4E3B-471B-8063-841FDBEC0811}.Debug|ARM.Deploy.0 = Debug|ARM
		{4B7B969A-4E3B-471B-8063-841FDBEC0811}.Debug|iPhone.ActiveCfg = Debug|x86
		{4B7B969A-4E3B-471B-8063-841FDBEC0811}.Debug|iPhoneSimulator.ActiveCfg = Debug|x86
		{4B7B969A-4E3B-471B-8063-841FDBEC0811}.Debug|x64.ActiveCfg = Debug|x64
		{4B7B969A-4E3B-471B-8063-841FDBEC0811}.Debug|x64.Build.0 = Debug|x64
		{4B7B969A-4E3B-471B-8063-841FDBEC0811}.Debug|x64.Deploy.0 = Debug|x64
		{4B7B969A-4E3B-471B-8063-841FDBEC0811}.Debug|x86.ActiveCfg = Debug|x86
		{4B7B969A-4E3B-471B-8063-841FDBEC0811}.Debug|x86.Build.0 = Debug|x86
		{4B7B969A-4E3B-471B-8063-841FDBEC0811}.Debug|x86.Deploy.0 = Debug|x86
		{4B7B969A-4E3B-471B-8063-841FDBEC0811}.Release|Any CPU.ActiveCfg = Release|x86
		{4B7B969A-4E3B-471B-8063-841FDBEC0811}.Release|ARM.ActiveCfg = Release|ARM
		{4B7B969A-4E3B-471B-8063-841FDBEC0811}.Release|ARM.Build.0 = Release|ARM
		{4B7B969A-4E3B-471B-8063-841FDBEC0811}.Release|ARM.Deploy.0 = Release|ARM
		{4B7B969A-4E3B-471B-8063-841FDBEC0811}.Release|iPhone.ActiveCfg = Release|x86
		{4B7B969A-4E3B-471B-8063-841FDBEC0811}.Release|iPhoneSimulator.ActiveCfg = Release|x86
		{4B7B969A-4E3B-471B-8063-841FDBEC0811}.Release|x64.ActiveCfg = Release|x64
		{4B7B969A-4E3B-471B-8063-841FDBEC0811}.Release|x64.Build.0 = Release|x64
		{4B7B969A-4E3B-471B-8063-841FDBEC0811}.Release|x64.Deploy.0 = Release|x64
		{4B7B969A-4E3B-471B-8063-841FDBEC0811}.Release|x86.ActiveCfg = Release|x86
		{4B7B969A-4E3B-471B-8063-841FDBEC0811}.Release|x86.Build.0 = Release|x86
		{4B7B969A-4E3B-471B-8063-841FDBEC0811}.Release|x86.Deploy.0 = Release|x86
		{6C2F1C26-A6F2-4BF5-B136-CE7F4718E70D}.Debug|Any CPU.ActiveCfg = Debug|Any CPU
		{6C2F1C26-A6F2-4BF5-B136-CE7F4718E70D}.Debug|Any CPU.Build.0 = Debug|Any CPU
		{6C2F1C26-A6F2-4BF5-B136-CE7F4718E70D}.Debug|Any CPU.Deploy.0 = Debug|Any CPU
		{6C2F1C26-A6F2-4BF5-B136-CE7F4718E70D}.Debug|ARM.ActiveCfg = Debug|Any CPU
		{6C2F1C26-A6F2-4BF5-B136-CE7F4718E70D}.Debug|ARM.Build.0 = Debug|Any CPU
		{6C2F1C26-A6F2-4BF5-B136-CE7F4718E70D}.Debug|ARM.Deploy.0 = Debug|Any CPU
		{6C2F1C26-A6F2-4BF5-B136-CE7F4718E70D}.Debug|iPhone.ActiveCfg = Debug|Any CPU
		{6C2F1C26-A6F2-4BF5-B136-CE7F4718E70D}.Debug|iPhone.Build.0 = Debug|Any CPU
		{6C2F1C26-A6F2-4BF5-B136-CE7F4718E70D}.Debug|iPhone.Deploy.0 = Debug|Any CPU
		{6C2F1C26-A6F2-4BF5-B136-CE7F4718E70D}.Debug|iPhoneSimulator.ActiveCfg = Debug|Any CPU
		{6C2F1C26-A6F2-4BF5-B136-CE7F4718E70D}.Debug|iPhoneSimulator.Build.0 = Debug|Any CPU
		{6C2F1C26-A6F2-4BF5-B136-CE7F4718E70D}.Debug|iPhoneSimulator.Deploy.0 = Debug|Any CPU
		{6C2F1C26-A6F2-4BF5-B136-CE7F4718E70D}.Debug|x64.ActiveCfg = Debug|Any CPU
		{6C2F1C26-A6F2-4BF5-B136-CE7F4718E70D}.Debug|x64.Build.0 = Debug|Any CPU
		{6C2F1C26-A6F2-4BF5-B136-CE7F4718E70D}.Debug|x64.Deploy.0 = Debug|Any CPU
		{6C2F1C26-A6F2-4BF5-B136-CE7F4718E70D}.Debug|x86.ActiveCfg = Debug|Any CPU
		{6C2F1C26-A6F2-4BF5-B136-CE7F4718E70D}.Debug|x86.Build.0 = Debug|Any CPU
		{6C2F1C26-A6F2-4BF5-B136-CE7F4718E70D}.Debug|x86.Deploy.0 = Debug|Any CPU
		{6C2F1C26-A6F2-4BF5-B136-CE7F4718E70D}.Release|Any CPU.ActiveCfg = Release|Any CPU
		{6C2F1C26-A6F2-4BF5-B136-CE7F4718E70D}.Release|Any CPU.Build.0 = Release|Any CPU
		{6C2F1C26-A6F2-4BF5-B136-CE7F4718E70D}.Release|Any CPU.Deploy.0 = Release|Any CPU
		{6C2F1C26-A6F2-4BF5-B136-CE7F4718E70D}.Release|ARM.ActiveCfg = Release|Any CPU
		{6C2F1C26-A6F2-4BF5-B136-CE7F4718E70D}.Release|ARM.Build.0 = Release|Any CPU
		{6C2F1C26-A6F2-4BF5-B136-CE7F4718E70D}.Release|ARM.Deploy.0 = Release|Any CPU
		{6C2F1C26-A6F2-4BF5-B136-CE7F4718E70D}.Release|iPhone.ActiveCfg = Release|Any CPU
		{6C2F1C26-A6F2-4BF5-B136-CE7F4718E70D}.Release|iPhone.Build.0 = Release|Any CPU
		{6C2F1C26-A6F2-4BF5-B136-CE7F4718E70D}.Release|iPhone.Deploy.0 = Release|Any CPU
		{6C2F1C26-A6F2-4BF5-B136-CE7F4718E70D}.Release|iPhoneSimulator.ActiveCfg = Release|Any CPU
		{6C2F1C26-A6F2-4BF5-B136-CE7F4718E70D}.Release|iPhoneSimulator.Build.0 = Release|Any CPU
		{6C2F1C26-A6F2-4BF5-B136-CE7F4718E70D}.Release|iPhoneSimulator.Deploy.0 = Release|Any CPU
		{6C2F1C26-A6F2-4BF5-B136-CE7F4718E70D}.Release|x64.ActiveCfg = Release|Any CPU
		{6C2F1C26-A6F2-4BF5-B136-CE7F4718E70D}.Release|x64.Build.0 = Release|Any CPU
		{6C2F1C26-A6F2-4BF5-B136-CE7F4718E70D}.Release|x64.Deploy.0 = Release|Any CPU
		{6C2F1C26-A6F2-4BF5-B136-CE7F4718E70D}.Release|x86.ActiveCfg = Release|Any CPU
		{6C2F1C26-A6F2-4BF5-B136-CE7F4718E70D}.Release|x86.Build.0 = Release|Any CPU
		{6C2F1C26-A6F2-4BF5-B136-CE7F4718E70D}.Release|x86.Deploy.0 = Release|Any CPU
		{DB870F9F-2C14-4153-8177-7A01D66F0328}.Debug|Any CPU.ActiveCfg = Debug|iPhone
		{DB870F9F-2C14-4153-8177-7A01D66F0328}.Debug|ARM.ActiveCfg = Debug|iPhone
		{DB870F9F-2C14-4153-8177-7A01D66F0328}.Debug|iPhone.ActiveCfg = Debug|iPhone
		{DB870F9F-2C14-4153-8177-7A01D66F0328}.Debug|iPhone.Build.0 = Debug|iPhone
		{DB870F9F-2C14-4153-8177-7A01D66F0328}.Debug|iPhoneSimulator.ActiveCfg = Debug|iPhoneSimulator
		{DB870F9F-2C14-4153-8177-7A01D66F0328}.Debug|iPhoneSimulator.Build.0 = Debug|iPhoneSimulator
		{DB870F9F-2C14-4153-8177-7A01D66F0328}.Debug|x64.ActiveCfg = Debug|iPhone
		{DB870F9F-2C14-4153-8177-7A01D66F0328}.Debug|x86.ActiveCfg = Debug|iPhone
		{DB870F9F-2C14-4153-8177-7A01D66F0328}.Release|Any CPU.ActiveCfg = Release|iPhone
		{DB870F9F-2C14-4153-8177-7A01D66F0328}.Release|ARM.ActiveCfg = Release|iPhone
		{DB870F9F-2C14-4153-8177-7A01D66F0328}.Release|iPhone.ActiveCfg = Release|iPhone
		{DB870F9F-2C14-4153-8177-7A01D66F0328}.Release|iPhone.Build.0 = Release|iPhone
		{DB870F9F-2C14-4153-8177-7A01D66F0328}.Release|iPhoneSimulator.ActiveCfg = Release|iPhoneSimulator
		{DB870F9F-2C14-4153-8177-7A01D66F0328}.Release|iPhoneSimulator.Build.0 = Release|iPhoneSimulator
		{DB870F9F-2C14-4153-8177-7A01D66F0328}.Release|x64.ActiveCfg = Release|iPhone
		{DB870F9F-2C14-4153-8177-7A01D66F0328}.Release|x86.ActiveCfg = Release|iPhone
		{EE9D8A24-6A3A-44E7-9E4F-517DB4933209}.Debug|Any CPU.ActiveCfg = Debug|Any CPU
		{EE9D8A24-6A3A-44E7-9E4F-517DB4933209}.Debug|Any CPU.Build.0 = Debug|Any CPU
		{EE9D8A24-6A3A-44E7-9E4F-517DB4933209}.Debug|ARM.ActiveCfg = Debug|Any CPU
		{EE9D8A24-6A3A-44E7-9E4F-517DB4933209}.Debug|ARM.Build.0 = Debug|Any CPU
		{EE9D8A24-6A3A-44E7-9E4F-517DB4933209}.Debug|iPhone.ActiveCfg = Debug|Any CPU
		{EE9D8A24-6A3A-44E7-9E4F-517DB4933209}.Debug|iPhone.Build.0 = Debug|Any CPU
		{EE9D8A24-6A3A-44E7-9E4F-517DB4933209}.Debug|iPhoneSimulator.ActiveCfg = Debug|Any CPU
		{EE9D8A24-6A3A-44E7-9E4F-517DB4933209}.Debug|iPhoneSimulator.Build.0 = Debug|Any CPU
		{EE9D8A24-6A3A-44E7-9E4F-517DB4933209}.Debug|x64.ActiveCfg = Debug|Any CPU
		{EE9D8A24-6A3A-44E7-9E4F-517DB4933209}.Debug|x64.Build.0 = Debug|Any CPU
		{EE9D8A24-6A3A-44E7-9E4F-517DB4933209}.Debug|x86.ActiveCfg = Debug|Any CPU
		{EE9D8A24-6A3A-44E7-9E4F-517DB4933209}.Debug|x86.Build.0 = Debug|Any CPU
		{EE9D8A24-6A3A-44E7-9E4F-517DB4933209}.Release|Any CPU.ActiveCfg = Release|Any CPU
		{EE9D8A24-6A3A-44E7-9E4F-517DB4933209}.Release|Any CPU.Build.0 = Release|Any CPU
		{EE9D8A24-6A3A-44E7-9E4F-517DB4933209}.Release|ARM.ActiveCfg = Release|Any CPU
		{EE9D8A24-6A3A-44E7-9E4F-517DB4933209}.Release|ARM.Build.0 = Release|Any CPU
		{EE9D8A24-6A3A-44E7-9E4F-517DB4933209}.Release|iPhone.ActiveCfg = Release|Any CPU
		{EE9D8A24-6A3A-44E7-9E4F-517DB4933209}.Release|iPhone.Build.0 = Release|Any CPU
		{EE9D8A24-6A3A-44E7-9E4F-517DB4933209}.Release|iPhoneSimulator.ActiveCfg = Release|Any CPU
		{EE9D8A24-6A3A-44E7-9E4F-517DB4933209}.Release|iPhoneSimulator.Build.0 = Release|Any CPU
		{EE9D8A24-6A3A-44E7-9E4F-517DB4933209}.Release|x64.ActiveCfg = Release|Any CPU
		{EE9D8A24-6A3A-44E7-9E4F-517DB4933209}.Release|x64.Build.0 = Release|Any CPU
		{EE9D8A24-6A3A-44E7-9E4F-517DB4933209}.Release|x86.ActiveCfg = Release|Any CPU
		{EE9D8A24-6A3A-44E7-9E4F-517DB4933209}.Release|x86.Build.0 = Release|Any CPU
	EndGlobalSection
	GlobalSection(SolutionProperties) = preSolution
		HideSolutionNode = FALSE
	EndGlobalSection
	GlobalSection(NestedProjects) = preSolution
		{5B7EE9EB-2FBC-44F6-AFDE-473C5E63EEE0} = {B684CF94-2A94-40A3-B0DD-0743BF52BF91}
		{4B7B969A-4E3B-471B-8063-841FDBEC0811} = {264006FC-88CF-44A5-B526-63DE4B5ED697}
		{6C2F1C26-A6F2-4BF5-B136-CE7F4718E70D} = {264006FC-88CF-44A5-B526-63DE4B5ED697}
		{DB870F9F-2C14-4153-8177-7A01D66F0328} = {264006FC-88CF-44A5-B526-63DE4B5ED697}
		{EE9D8A24-6A3A-44E7-9E4F-517DB4933209} = {264006FC-88CF-44A5-B526-63DE4B5ED697}
	EndGlobalSection
	GlobalSection(ExtensibilityGlobals) = postSolution
		SolutionGuid = {92120E94-1FC1-45C8-8B9D-8A3DDD2AD602}
	EndGlobalSection
EndGlobal
